
Microsoft Visual Studio Solution File, Format Version 12.00
# Visual Studio 15
VisualStudioVersion = 15.0.27130.2027
MinimumVisualStudioVersion = 10.0.40219.1
Project("{8BC9CEB8-8B4A-11D0-8D11-00A0C91BC942}") = "Enums", "Enums\Enums.vcxproj", "{F4931A36-9CE6-4653-A9FE-3B98D7B62BAC}"
EndProject
Global
	GlobalSection(SolutionConfigurationPlatforms) = preSolution
		Debug|x64 = Debug|x64
		Debug|x86 = Debug|x86
		Release|x64 = Release|x64
		Release|x86 = Release|x86
	EndGlobalSection
	GlobalSection(ProjectConfigurationPlatforms) = postSolution
		{F4931A36-9CE6-4653-A9FE-3B98D7B62BAC}.Debug|x64.ActiveCfg = Debug|x64
		{F4931A36-9CE6-4653-A9FE-3B98D7B62BAC}.Debug|x64.Build.0 = Debug|x64
		{F4931A36-9CE6-4653-A9FE-3B98D7B62BAC}.Debug|x86.ActiveCfg = Debug|Win32
		{F4931A36-9CE6-4653-A9FE-3B98D7B62BAC}.Debug|x86.Build.0 = Debug|Win32
		{F4931A36-9CE6-4653-A9FE-3B98D7B62BAC}.Release|x64.ActiveCfg = Release|x64
		{F4931A36-9CE6-4653-A9FE-3B98D7B62BAC}.Release|x64.Build.0 = Release|x64
		{F4931A36-9CE6-4653-A9FE-3B98D7B62BAC}.Release|x86.ActiveCfg = Release|Win32
		{F4931A36-9CE6-4653-A9FE-3B98D7B62BAC}.Release|x86.Build.0 = Release|Win32
	EndGlobalSection
	GlobalSection(SolutionProperties) = preSolution
		HideSolutionNode = FALSE
	EndGlobalSection
	GlobalSection(ExtensibilityGlobals) = postSolution
		SolutionGuid = {EBE0CD6B-87FD-47F0-8549-9693EB81F1C0}
	EndGlobalSection
EndGlobal
